
Microsoft Visual Studio Solution File, Format Version 12.00
# Visual Studio 15
VisualStudioVersion = 15.0.26730.15
MinimumVisualStudioVersion = 10.0.40219.1
Project("{FAE04EC0-301F-11D3-BF4B-00C04F79EFBC}") = "VisionLibrary", "VisionLibrary\VisionLibrary.csproj", "{DAA0A9EC-99C7-4711-8B04-2234CCD97803}"
EndProject
Project("{FAE04EC0-301F-11D3-BF4B-00C04F79EFBC}") = "Demo", "Example\Demo.csproj", "{A4FCA838-02E1-4C57-B0C0-8A6734657C47}"
EndProject
Global
	GlobalSection(SolutionConfigurationPlatforms) = preSolution
		Debug|Any CPU = Debug|Any CPU
		Release|Any CPU = Release|Any CPU
	EndGlobalSection
	GlobalSection(ProjectConfigurationPlatforms) = postSolution
		{DAA0A9EC-99C7-4711-8B04-2234CCD97803}.Debug|Any CPU.ActiveCfg = Debug|Any CPU
		{DAA0A9EC-99C7-4711-8B04-2234CCD97803}.Debug|Any CPU.Build.0 = Debug|Any CPU
		{DAA0A9EC-99C7-4711-8B04-2234CCD97803}.Release|Any CPU.ActiveCfg = Release|Any CPU
		{DAA0A9EC-99C7-4711-8B04-2234CCD97803}.Release|Any CPU.Build.0 = Release|Any CPU
		{A4FCA838-02E1-4C57-B0C0-8A6734657C47}.Debug|Any CPU.ActiveCfg = Debug|Any CPU
		{A4FCA838-02E1-4C57-B0C0-8A6734657C47}.Debug|Any CPU.Build.0 = Debug|Any CPU
		{A4FCA838-02E1-4C57-B0C0-8A6734657C47}.Release|Any CPU.ActiveCfg = Release|Any CPU
		{A4FCA838-02E1-4C57-B0C0-8A6734657C47}.Release|Any CPU.Build.0 = Release|Any CPU
	EndGlobalSection
	GlobalSection(SolutionProperties) = preSolution
		HideSolutionNode = FALSE
	EndGlobalSection
	GlobalSection(ExtensibilityGlobals) = postSolution
		SolutionGuid = {5828B6D1-1CEE-45DC-A0BF-6E75DB1DF759}
	EndGlobalSection
EndGlobal
